
Microsoft Visual Studio Solution File, Format Version 12.00
# Visual Studio Version 17
VisualStudioVersion = 17.7.34009.444
MinimumVisualStudioVersion = 10.0.40219.1
Project("{FAE04EC0-301F-11D3-BF4B-00C04F79EFBC}") = "formulirPendaftaran", "formulirPendaftaran\formulirPendaftaran.csproj", "{80DA1678-2896-4CBD-9584-09F9FCE927CB}"
EndProject
Global
	GlobalSection(SolutionConfigurationPlatforms) = preSolution
		Debug|Any CPU = Debug|Any CPU
		Release|Any CPU = Release|Any CPU
	EndGlobalSection
	GlobalSection(ProjectConfigurationPlatforms) = postSolution
		{80DA1678-2896-4CBD-9584-09F9FCE927CB}.Debug|Any CPU.ActiveCfg = Debug|Any CPU
		{80DA1678-2896-4CBD-9584-09F9FCE927CB}.Debug|Any CPU.Build.0 = Debug|Any CPU
		{80DA1678-2896-4CBD-9584-09F9FCE927CB}.Release|Any CPU.ActiveCfg = Release|Any CPU
		{80DA1678-2896-4CBD-9584-09F9FCE927CB}.Release|Any CPU.Build.0 = Release|Any CPU
	EndGlobalSection
	GlobalSection(SolutionProperties) = preSolution
		HideSolutionNode = FALSE
	EndGlobalSection
	GlobalSection(ExtensibilityGlobals) = postSolution
		SolutionGuid = {24604856-56C5-44C8-8A94-9E3F076B987B}
	EndGlobalSection
EndGlobal
